// !$*UTF8*$!
{
	archiveVersion = 1;
	classes = {
	};
	objectVersion = 46;
	objects = {

/* Begin PBXBuildFile section */
		7152F97D1DF6C46E003F79E2 /* main.m in Sources */ = {isa = PBXBuildFile; fileRef = 7152F97C1DF6C46E003F79E2 /* main.m */; };
		7152F9801DF6C46E003F79E2 /* AppDelegate.m in Sources */ = {isa = PBXBuildFile; fileRef = 7152F97F1DF6C46E003F79E2 /* AppDelegate.m */; };
		7152F9831DF6C46E003F79E2 /* ViewController.m in Sources */ = {isa = PBXBuildFile; fileRef = 7152F9821DF6C46E003F79E2 /* ViewController.m */; };
		7152F9861DF6C46E003F79E2 /* Main.storyboard in Resources */ = {isa = PBXBuildFile; fileRef = 7152F9841DF6C46E003F79E2 /* Main.storyboard */; };
		7152F9881DF6C46E003F79E2 /* Assets.xcassets in Resources */ = {isa = PBXBuildFile; fileRef = 7152F9871DF6C46E003F79E2 /* Assets.xcassets */; };
		7152F98B1DF6C46E003F79E2 /* LaunchScreen.storyboard in Resources */ = {isa = PBXBuildFile; fileRef = 7152F9891DF6C46E003F79E2 /* LaunchScreen.storyboard */; };
		7152F9961DF6C46E003F79E2 /* YKCheckMarkViewDemoTests.m in Sources */ = {isa = PBXBuildFile; fileRef = 7152F9951DF6C46E003F79E2 /* YKCheckMarkViewDemoTests.m */; };
		7152F9A11DF6C46E003F79E2 /* YKCheckMarkViewDemoUITests.m in Sources */ = {isa = PBXBuildFile; fileRef = 7152F9A01DF6C46E003F79E2 /* YKCheckMarkViewDemoUITests.m */; };
		7152F9B61DF6C488003F79E2 /* YKMarkAnimationView.m in Sources */ = {isa = PBXBuildFile; fileRef = 7152F9B01DF6C488003F79E2 /* YKMarkAnimationView.m */; };
		7152F9B71DF6C488003F79E2 /* YKMarkToastViewController.m in Sources */ = {isa = PBXBuildFile; fileRef = 7152F9B21DF6C488003F79E2 /* YKMarkToastViewController.m */; };
		7152F9B81DF6C488003F79E2 /* YKMarkToastViewController.xib in Resources */ = {isa = PBXBuildFile; fileRef = 7152F9B31DF6C488003F79E2 /* YKMarkToastViewController.xib */; };
		7152F9B91DF6C488003F79E2 /* YKMarkToastViewMgr.m in Sources */ = {isa = PBXBuildFile; fileRef = 7152F9B51DF6C488003F79E2 /* YKMarkToastViewMgr.m */; };
/* End PBXBuildFile section */

/* Begin PBXContainerItemProxy section */
		7152F9921DF6C46E003F79E2 /* PBXContainerItemProxy */ = {
			isa = PBXContainerItemProxy;
			containerPortal = 7152F9701DF6C46E003F79E2 /* Project object */;
			proxyType = 1;
			remoteGlobalIDString = 7152F9771DF6C46E003F79E2;
			remoteInfo = YKCheckMarkViewDemo;
		};
		7152F99D1DF6C46E003F79E2 /* PBXContainerItemProxy */ = {
			isa = PBXContainerItemProxy;
			containerPortal = 7152F9701DF6C46E003F79E2 /* Project object */;
			proxyType = 1;
			remoteGlobalIDString = 7152F9771DF6C46E003F79E2;
			remoteInfo = YKCheckMarkViewDemo;
		};
/* End PBXContainerItemProxy section */

/* Begin PBXFileReference section */
		7152F9781DF6C46E003F79E2 /* YKCheckMarkViewDemo.app */ = {isa = PBXFileReference; explicitFileType = wrapper.application; includeInIndex = 0; path = YKCheckMarkViewDemo.app; sourceTree = BUILT_PRODUCTS_DIR; };
		7152F97C1DF6C46E003F79E2 /* main.m */ = {isa = PBXFileReference; lastKnownFileType = sourcecode.c.objc; path = main.m; sourceTree = "<group>"; };
		7152F97E1DF6C46E003F79E2 /* AppDelegate.h */ = {isa = PBXFileReference; lastKnownFileType = sourcecode.c.h; path = AppDelegate.h; sourceTree = "<group>"; };
		7152F97F1DF6C46E003F79E2 /* AppDelegate.m */ = {isa = PBXFileReference; lastKnownFileType = sourcecode.c.objc; path = AppDelegate.m; sourceTree = "<group>"; };
		7152F9811DF6C46E003F79E2 /* ViewController.h */ = {isa = PBXFileReference; lastKnownFileType = sourcecode.c.h; path = ViewController.h; sourceTree = "<group>"; };
		7152F9821DF6C46E003F79E2 /* ViewController.m */ = {isa = PBXFileReference; lastKnownFileType = sourcecode.c.objc; path = ViewController.m; sourceTree = "<group>"; };
		7152F9851DF6C46E003F79E2 /* Base */ = {isa = PBXFileReference; lastKnownFileType = file.storyboard; name = Base; path = Base.lproj/Main.storyboard; sourceTree = "<group>"; };
		7152F9871DF6C46E003F79E2 /* Assets.xcassets */ = {isa = PBXFileReference; lastKnownFileType = folder.assetcatalog; path = Assets.xcassets; sourceTree = "<group>"; };
		7152F98A1DF6C46E003F79E2 /* Base */ = {isa = PBXFileReference; lastKnownFileType = file.storyboard; name = Base; path = Base.lproj/LaunchScreen.storyboard; sourceTree = "<group>"; };
		7152F98C1DF6C46E003F79E2 /* Info.plist */ = {isa = PBXFileReference; lastKnownFileType = text.plist.xml; path = Info.plist; sourceTree = "<group>"; };
		7152F9911DF6C46E003F79E2 /* YKCheckMarkViewDemoTests.xctest */ = {isa = PBXFileReference; explicitFileType = wrapper.cfbundle; includeInIndex = 0; path = YKCheckMarkViewDemoTests.xctest; sourceTree = BUILT_PRODUCTS_DIR; };
		7152F9951DF6C46E003F79E2 /* YKCheckMarkViewDemoTests.m */ = {isa = PBXFileReference; lastKnownFileType = sourcecode.c.objc; path = YKCheckMarkViewDemoTests.m; sourceTree = "<group>"; };
		7152F9971DF6C46E003F79E2 /* Info.plist */ = {isa = PBXFileReference; lastKnownFileType = text.plist.xml; path = Info.plist; sourceTree = "<group>"; };
		7152F99C1DF6C46E003F79E2 /* YKCheckMarkViewDemoUITests.xctest */ = {isa = PBXFileReference; explicitFileType = wrapper.cfbundle; includeInIndex = 0; path = YKCheckMarkViewDemoUITests.xctest; sourceTree = BUILT_PRODUCTS_DIR; };
		7152F9A01DF6C46E003F79E2 /* YKCheckMarkViewDemoUITests.m */ = {isa = PBXFileReference; lastKnownFileType = sourcecode.c.objc; path = YKCheckMarkViewDemoUITests.m; sourceTree = "<group>"; };
		7152F9A21DF6C46E003F79E2 /* Info.plist */ = {isa = PBXFileReference; lastKnownFileType = text.plist.xml; path = Info.plist; sourceTree = "<group>"; };
		7152F9AF1DF6C488003F79E2 /* YKMarkAnimationView.h */ = {isa = PBXFileReference; fileEncoding = 4; lastKnownFileType = sourcecode.c.h; path = YKMarkAnimationView.h; sourceTree = "<group>"; };
		7152F9B01DF6C488003F79E2 /* YKMarkAnimationView.m */ = {isa = PBXFileReference; fileEncoding = 4; lastKnownFileType = sourcecode.c.objc; path = YKMarkAnimationView.m; sourceTree = "<group>"; };
		7152F9B11DF6C488003F79E2 /* YKMarkToastViewController.h */ = {isa = PBXFileReference; fileEncoding = 4; lastKnownFileType = sourcecode.c.h; path = YKMarkToastViewController.h; sourceTree = "<group>"; };
		7152F9B21DF6C488003F79E2 /* YKMarkToastViewController.m */ = {isa = PBXFileReference; fileEncoding = 4; lastKnownFileType = sourcecode.c.objc; path = YKMarkToastViewController.m; sourceTree = "<group>"; };
		7152F9B31DF6C488003F79E2 /* YKMarkToastViewController.xib */ = {isa = PBXFileReference; fileEncoding = 4; lastKnownFileType = file.xib; path = YKMarkToastViewController.xib; sourceTree = "<group>"; };
		7152F9B41DF6C488003F79E2 /* YKMarkToastViewMgr.h */ = {isa = PBXFileReference; fileEncoding = 4; lastKnownFileType = sourcecode.c.h; path = YKMarkToastViewMgr.h; sourceTree = "<group>"; };
		7152F9B51DF6C488003F79E2 /* YKMarkToastViewMgr.m */ = {isa = PBXFileReference; fileEncoding = 4; lastKnownFileType = sourcecode.c.objc; path = YKMarkToastViewMgr.m; sourceTree = "<group>"; };
/* End PBXFileReference section */

/* Begin PBXFrameworksBuildPhase section */
		7152F9751DF6C46E003F79E2 /* Frameworks */ = {
			isa = PBXFrameworksBuildPhase;
			buildActionMask = 2147483647;
			files = (
			);
			runOnlyForDeploymentPostprocessing = 0;
		};
		7152F98E1DF6C46E003F79E2 /* Frameworks */ = {
			isa = PBXFrameworksBuildPhase;
			buildActionMask = 2147483647;
			files = (
			);
			runOnlyForDeploymentPostprocessing = 0;
		};
		7152F9991DF6C46E003F79E2 /* Frameworks */ = {
			isa = PBXFrameworksBuildPhase;
			buildActionMask = 2147483647;
			files = (
			);
			runOnlyForDeploymentPostprocessing = 0;
		};
/* End PBXFrameworksBuildPhase section */

/* Begin PBXGroup section */
		7152F96F1DF6C46E003F79E2 = {
			isa = PBXGroup;
			children = (
				7152F97A1DF6C46E003F79E2 /* YKCheckMarkViewDemo */,
				7152F9941DF6C46E003F79E2 /* YKCheckMarkViewDemoTests */,
				7152F99F1DF6C46E003F79E2 /* YKCheckMarkViewDemoUITests */,
				7152F9791DF6C46E003F79E2 /* Products */,
			);
			sourceTree = "<group>";
		};
		7152F9791DF6C46E003F79E2 /* Products */ = {
			isa = PBXGroup;
			children = (
				7152F9781DF6C46E003F79E2 /* YKCheckMarkViewDemo.app */,
				7152F9911DF6C46E003F79E2 /* YKCheckMarkViewDemoTests.xctest */,
				7152F99C1DF6C46E003F79E2 /* YKCheckMarkViewDemoUITests.xctest */,
			);
			name = Products;
			sourceTree = "<group>";
		};
		7152F97A1DF6C46E003F79E2 /* YKCheckMarkViewDemo */ = {
			isa = PBXGroup;
			children = (
				7152F9AE1DF6C488003F79E2 /* YKCheckMarkView */,
				7152F97E1DF6C46E003F79E2 /* AppDelegate.h */,
				7152F97F1DF6C46E003F79E2 /* AppDelegate.m */,
				7152F9811DF6C46E003F79E2 /* ViewController.h */,
				7152F9821DF6C46E003F79E2 /* ViewController.m */,
				7152F9841DF6C46E003F79E2 /* Main.storyboard */,
				7152F9871DF6C46E003F79E2 /* Assets.xcassets */,
				7152F9891DF6C46E003F79E2 /* LaunchScreen.storyboard */,
				7152F98C1DF6C46E003F79E2 /* Info.plist */,
				7152F97B1DF6C46E003F79E2 /* Supporting Files */,
			);
			path = YKCheckMarkViewDemo;
			sourceTree = "<group>";
		};
		7152F97B1DF6C46E003F79E2 /* Supporting Files */ = {
			isa = PBXGroup;
			children = (
				7152F97C1DF6C46E003F79E2 /* main.m */,
			);
			name = "Supporting Files";
			sourceTree = "<group>";
		};
		7152F9941DF6C46E003F79E2 /* YKCheckMarkViewDemoTests */ = {
			isa = PBXGroup;
			children = (
				7152F9951DF6C46E003F79E2 /* YKCheckMarkViewDemoTests.m */,
				7152F9971DF6C46E003F79E2 /* Info.plist */,
			);
			path = YKCheckMarkViewDemoTests;
			sourceTree = "<group>";
		};
		7152F99F1DF6C46E003F79E2 /* YKCheckMarkViewDemoUITests */ = {
			isa = PBXGroup;
			children = (
				7152F9A01DF6C46E003F79E2 /* YKCheckMarkViewDemoUITests.m */,
				7152F9A21DF6C46E003F79E2 /* Info.plist */,
			);
			path = YKCheckMarkViewDemoUITests;
			sourceTree = "<group>";
		};
		7152F9AE1DF6C488003F79E2 /* YKCheckMarkView */ = {
			isa = PBXGroup;
			children = (
				7152F9AF1DF6C488003F79E2 /* YKMarkAnimationView.h */,
				7152F9B01DF6C488003F79E2 /* YKMarkAnimationView.m */,
				7152F9B11DF6C488003F79E2 /* YKMarkToastViewController.h */,
				7152F9B21DF6C488003F79E2 /* YKMarkToastViewController.m */,
				7152F9B31DF6C488003F79E2 /* YKMarkToastViewController.xib */,
				7152F9B41DF6C488003F79E2 /* YKMarkToastViewMgr.h */,
				7152F9B51DF6C488003F79E2 /* YKMarkToastViewMgr.m */,
			);
			path = YKCheckMarkView;
			sourceTree = "<group>";
		};
/* End PBXGroup section */

/* Begin PBXNativeTarget section */
		7152F9771DF6C46E003F79E2 /* YKCheckMarkViewDemo */ = {
			isa = PBXNativeTarget;
			buildConfigurationList = 7152F9A51DF6C46E003F79E2 /* Build configuration list for PBXNativeTarget "YKCheckMarkViewDemo" */;
			buildPhases = (
				7152F9741DF6C46E003F79E2 /* Sources */,
				7152F9751DF6C46E003F79E2 /* Frameworks */,
				7152F9761DF6C46E003F79E2 /* Resources */,
			);
			buildRules = (
			);
			dependencies = (
			);
			name = YKCheckMarkViewDemo;
			productName = YKCheckMarkViewDemo;
			productReference = 7152F9781DF6C46E003F79E2 /* YKCheckMarkViewDemo.app */;
			productType = "com.apple.product-type.application";
		};
		7152F9901DF6C46E003F79E2 /* YKCheckMarkViewDemoTests */ = {
			isa = PBXNativeTarget;
			buildConfigurationList = 7152F9A81DF6C46E003F79E2 /* Build configuration list for PBXNativeTarget "YKCheckMarkViewDemoTests" */;
			buildPhases = (
				7152F98D1DF6C46E003F79E2 /* Sources */,
				7152F98E1DF6C46E003F79E2 /* Frameworks */,
				7152F98F1DF6C46E003F79E2 /* Resources */,
			);
			buildRules = (
			);
			dependencies = (
				7152F9931DF6C46E003F79E2 /* PBXTargetDependency */,
			);
			name = YKCheckMarkViewDemoTests;
			productName = YKCheckMarkViewDemoTests;
			productReference = 7152F9911DF6C46E003F79E2 /* YKCheckMarkViewDemoTests.xctest */;
			productType = "com.apple.product-type.bundle.unit-test";
		};
		7152F99B1DF6C46E003F79E2 /* YKCheckMarkViewDemoUITests */ = {
			isa = PBXNativeTarget;
			buildConfigurationList = 7152F9AB1DF6C46E003F79E2 /* Build configuration list for PBXNativeTarget "YKCheckMarkViewDemoUITests" */;
			buildPhases = (
				7152F9981DF6C46E003F79E2 /* Sources */,
				7152F9991DF6C46E003F79E2 /* Frameworks */,
				7152F99A1DF6C46E003F79E2 /* Resources */,
			);
			buildRules = (
			);
			dependencies = (
				7152F99E1DF6C46E003F79E2 /* PBXTargetDependency */,
			);
			name = YKCheckMarkViewDemoUITests;
			productName = YKCheckMarkViewDemoUITests;
			productReference = 7152F99C1DF6C46E003F79E2 /* YKCheckMarkViewDemoUITests.xctest */;
			productType = "com.apple.product-type.bundle.ui-testing";
		};
/* End PBXNativeTarget section */

/* Begin PBXProject section */
		7152F9701DF6C46E003F79E2 /* Project object */ = {
			isa = PBXProject;
			attributes = {
				LastUpgradeCheck = 0810;
				ORGANIZATIONNAME = yinker;
				TargetAttributes = {
					7152F9771DF6C46E003F79E2 = {
						CreatedOnToolsVersion = 8.1;
						ProvisioningStyle = Automatic;
					};
					7152F9901DF6C46E003F79E2 = {
						CreatedOnToolsVersion = 8.1;
						ProvisioningStyle = Automatic;
						TestTargetID = 7152F9771DF6C46E003F79E2;
					};
					7152F99B1DF6C46E003F79E2 = {
						CreatedOnToolsVersion = 8.1;
						ProvisioningStyle = Automatic;
						TestTargetID = 7152F9771DF6C46E003F79E2;
					};
				};
			};
			buildConfigurationList = 7152F9731DF6C46E003F79E2 /* Build configuration list for PBXProject "YKCheckMarkViewDemo" */;
			compatibilityVersion = "Xcode 3.2";
			developmentRegion = English;
			hasScannedForEncodings = 0;
			knownRegions = (
				en,
				Base,
			);
			mainGroup = 7152F96F1DF6C46E003F79E2;
			productRefGroup = 7152F9791DF6C46E003F79E2 /* Products */;
			projectDirPath = "";
			projectRoot = "";
			targets = (
				7152F9771DF6C46E003F79E2 /* YKCheckMarkViewDemo */,
				7152F9901DF6C46E003F79E2 /* YKCheckMarkViewDemoTests */,
				7152F99B1DF6C46E003F79E2 /* YKCheckMarkViewDemoUITests */,
			);
		};
/* End PBXProject section */

/* Begin PBXResourcesBuildPhase section */
		7152F9761DF6C46E003F79E2 /* Resources */ = {
			isa = PBXResourcesBuildPhase;
			buildActionMask = 2147483647;
			files = (
				7152F98B1DF6C46E003F79E2 /* LaunchScreen.storyboard in Resources */,
				7152F9881DF6C46E003F79E2 /* Assets.xcassets in Resources */,
				7152F9861DF6C46E003F79E2 /* Main.storyboard in Resources */,
				7152F9B81DF6C488003F79E2 /* YKMarkToastViewController.xib in Resources */,
			);
			runOnlyForDeploymentPostprocessing = 0;
		};
		7152F98F1DF6C46E003F79E2 /* Resources */ = {
			isa = PBXResourcesBuildPhase;
			buildActionMask = 2147483647;
			files = (
			);
			runOnlyForDeploymentPostprocessing = 0;
		};
		7152F99A1DF6C46E003F79E2 /* Resources */ = {
			isa = PBXResourcesBuildPhase;
			buildActionMask = 2147483647;
			files = (
			);
			runOnlyForDeploymentPostprocessing = 0;
		};
/* End PBXResourcesBuildPhase section */

/* Begin PBXSourcesBuildPhase section */
		7152F9741DF6C46E003F79E2 /* Sources */ = {
			isa = PBXSourcesBuildPhase;
			buildActionMask = 2147483647;
			files = (
				7152F9831DF6C46E003F79E2 /* ViewController.m in Sources */,
				7152F9801DF6C46E003F79E2 /* AppDelegate.m in Sources */,
				7152F9B91DF6C488003F79E2 /* YKMarkToastViewMgr.m in Sources */,
				7152F9B61DF6C488003F79E2 /* YKMarkAnimationView.m in Sources */,
				7152F9B71DF6C488003F79E2 /* YKMarkToastViewController.m in Sources */,
				7152F97D1DF6C46E003F79E2 /* main.m in Sources */,
			);
			runOnlyForDeploymentPostprocessing = 0;
		};
		7152F98D1DF6C46E003F79E2 /* Sources */ = {
			isa = PBXSourcesBuildPhase;
			buildActionMask = 2147483647;
			files = (
				7152F9961DF6C46E003F79E2 /* YKCheckMarkViewDemoTests.m in Sources */,
			);
			runOnlyForDeploymentPostprocessing = 0;
		};
		7152F9981DF6C46E003F79E2 /* Sources */ = {
			isa = PBXSourcesBuildPhase;
			buildActionMask = 2147483647;
			files = (
				7152F9A11DF6C46E003F79E2 /* YKCheckMarkViewDemoUITests.m in Sources */,
			);
			runOnlyForDeploymentPostprocessing = 0;
		};
/* End PBXSourcesBuildPhase section */

/* Begin PBXTargetDependency section */
		7152F9931DF6C46E003F79E2 /* PBXTargetDependency */ = {
			isa = PBXTargetDependency;
			target = 7152F9771DF6C46E003F79E2 /* YKCheckMarkViewDemo */;
			targetProxy = 7152F9921DF6C46E003F79E2 /* PBXContainerItemProxy */;
		};
		7152F99E1DF6C46E003F79E2 /* PBXTargetDependency */ = {
			isa = PBXTargetDependency;
			target = 7152F9771DF6C46E003F79E2 /* YKCheckMarkViewDemo */;
			targetProxy = 7152F99D1DF6C46E003F79E2 /* PBXContainerItemProxy */;
		};
/* End PBXTargetDependency section */

/* Begin PBXVariantGroup section */
		7152F9841DF6C46E003F79E2 /* Main.storyboard */ = {
			isa = PBXVariantGroup;
			children = (
				7152F9851DF6C46E003F79E2 /* Base */,
			);
			name = Main.storyboard;
			sourceTree = "<group>";
		};
		7152F9891DF6C46E003F79E2 /* LaunchScreen.storyboard */ = {
			isa = PBXVariantGroup;
			children = (
				7152F98A1DF6C46E003F79E2 /* Base */,
			);
			name = LaunchScreen.storyboard;
			sourceTree = "<group>";
		};
/* End PBXVariantGroup section */

/* Begin XCBuildConfiguration section */
		7152F9A31DF6C46E003F79E2 /* Debug */ = {
			isa = XCBuildConfiguration;
			buildSettings = {
				ALWAYS_SEARCH_USER_PATHS = NO;
				CLANG_ANALYZER_NONNULL = YES;
				CLANG_CXX_LANGUAGE_STANDARD = "gnu++0x";
				CLANG_CXX_LIBRARY = "libc++";
				CLANG_ENABLE_MODULES = YES;
				CLANG_ENABLE_OBJC_ARC = YES;
				CLANG_WARN_BOOL_CONVERSION = YES;
				CLANG_WARN_CONSTANT_CONVERSION = YES;
				CLANG_WARN_DIRECT_OBJC_ISA_USAGE = YES_ERROR;
				CLANG_WARN_DOCUMENTATION_COMMENTS = YES;
				CLANG_WARN_EMPTY_BODY = YES;
				CLANG_WARN_ENUM_CONVERSION = YES;
				CLANG_WARN_INFINITE_RECURSION = YES;
				CLANG_WARN_INT_CONVERSION = YES;
				CLANG_WARN_OBJC_ROOT_CLASS = YES_ERROR;
				CLANG_WARN_SUSPICIOUS_MOVES = YES;
				CLANG_WARN_UNREACHABLE_CODE = YES;
				CLANG_WARN__DUPLICATE_METHOD_MATCH = YES;
				"CODE_SIGN_IDENTITY[sdk=iphoneos*]" = "iPhone Developer";
				COPY_PHASE_STRIP = NO;
				DEBUG_INFORMATION_FORMAT = dwarf;
				ENABLE_STRICT_OBJC_MSGSEND = YES;
				ENABLE_TESTABILITY = YES;
				GCC_C_LANGUAGE_STANDARD = gnu99;
				GCC_DYNAMIC_NO_PIC = NO;
				GCC_NO_COMMON_BLOCKS = YES;
				GCC_OPTIMIZATION_LEVEL = 0;
				GCC_PREPROCESSOR_DEFINITIONS = (
					"DEBUG=1",
					"$(inherited)",
				);
				GCC_WARN_64_TO_32_BIT_CONVERSION = YES;
				GCC_WARN_ABOUT_RETURN_TYPE = YES_ERROR;
				GCC_WARN_UNDECLARED_SELECTOR = YES;
				GCC_WARN_UNINITIALIZED_AUTOS = YES_AGGRESSIVE;
				GCC_WARN_UNUSED_FUNCTION = YES;
				GCC_WARN_UNUSED_VARIABLE = YES;
				IPHONEOS_DEPLOYMENT_TARGET = 10.1;
				MTL_ENABLE_DEBUG_INFO = YES;
				ONLY_ACTIVE_ARCH = YES;
				SDKROOT = iphoneos;
				TARGETED_DEVICE_FAMILY = "1,2";
			};
			name = Debug;
		};
		7152F9A41DF6C46E003F79E2 /* Release */ = {
			isa = XCBuildConfiguration;
			buildSettings = {
				ALWAYS_SEARCH_USER_PATHS = NO;
				CLANG_ANALYZER_NONNULL = YES;
				CLANG_CXX_LANGUAGE_STANDARD = "gnu++0x";
				CLANG_CXX_LIBRARY = "libc++";
				CLANG_ENABLE_MODULES = YES;
				CLANG_ENABLE_OBJC_ARC = YES;
				CLANG_WARN_BOOL_CONVERSION = YES;
				CLANG_WARN_CONSTANT_CONVERSION = YES;
				CLANG_WARN_DIRECT_OBJC_ISA_USAGE = YES_ERROR;
				CLANG_WARN_DOCUMENTATION_COMMENTS = YES;
				CLANG_WARN_EMPTY_BODY = YES;
				CLANG_WARN_ENUM_CONVERSION = YES;
				CLANG_WARN_INFINITE_RECURSION = YES;
				CLANG_WARN_INT_CONVERSION = YES;
				CLANG_WARN_OBJC_ROOT_CLASS = YES_ERROR;
				CLANG_WARN_SUSPICIOUS_MOVES = YES;
				CLANG_WARN_UNREACHABLE_CODE = YES;
				CLANG_WARN__DUPLICATE_METHOD_MATCH = YES;
				"CODE_SIGN_IDENTITY[sdk=iphoneos*]" = "iPhone Developer";
				COPY_PHASE_STRIP = NO;
				DEBUG_INFORMATION_FORMAT = "dwarf-with-dsym";
				ENABLE_NS_ASSERTIONS = NO;
				ENABLE_STRICT_OBJC_MSGSEND = YES;
				GCC_C_LANGUAGE_STANDARD = gnu99;
				GCC_NO_COMMON_BLOCKS = YES;
				GCC_WARN_64_TO_32_BIT_CONVERSION = YES;
				GCC_WARN_ABOUT_RETURN_TYPE = YES_ERROR;
				GCC_WARN_UNDECLARED_SELECTOR = YES;
				GCC_WARN_UNINITIALIZED_AUTOS = YES_AGGRESSIVE;
				GCC_WARN_UNUSED_FUNCTION = YES;
				GCC_WARN_UNUSED_VARIABLE = YES;
				IPHONEOS_DEPLOYMENT_TARGET = 10.1;
				MTL_ENABLE_DEBUG_INFO = NO;
				SDKROOT = iphoneos;
				TARGETED_DEVICE_FAMILY = "1,2";
				VALIDATE_PRODUCT = YES;
			};
			name = Release;
		};
		7152F9A61DF6C46E003F79E2 /* Debug */ = {
			isa = XCBuildConfiguration;
			buildSettings = {
				ASSETCATALOG_COMPILER_APPICON_NAME = AppIcon;
				INFOPLIST_FILE = YKCheckMarkViewDemo/Info.plist;
				LD_RUNPATH_SEARCH_PATHS = "$(inherited) @executable_path/Frameworks";
				PRODUCT_BUNDLE_IDENTIFIER = com.yinker.YKCheckMarkViewDemo;
				PRODUCT_NAME = "$(TARGET_NAME)";
			};
			name = Debug;
		};
		7152F9A71DF6C46E003F79E2 /* Release */ = {
			isa = XCBuildConfiguration;
			buildSettings = {
				ASSETCATALOG_COMPILER_APPICON_NAME = AppIcon;
				INFOPLIST_FILE = YKCheckMarkViewDemo/Info.plist;
				LD_RUNPATH_SEARCH_PATHS = "$(inherited) @executable_path/Frameworks";
				PRODUCT_BUNDLE_IDENTIFIER = com.yinker.YKCheckMarkViewDemo;
				PRODUCT_NAME = "$(TARGET_NAME)";
			};
			name = Release;
		};
		7152F9A91DF6C46E003F79E2 /* Debug */ = {
			isa = XCBuildConfiguration;
			buildSettings = {
				BUNDLE_LOADER = "$(TEST_HOST)";
				INFOPLIST_FILE = YKCheckMarkViewDemoTests/Info.plist;
				LD_RUNPATH_SEARCH_PATHS = "$(inherited) @executable_path/Frameworks @loader_path/Frameworks";
				PRODUCT_BUNDLE_IDENTIFIER = com.yinker.YKCheckMarkViewDemoTests;
				PRODUCT_NAME = "$(TARGET_NAME)";
				TEST_HOST = "$(BUILT_PRODUCTS_DIR)/YKCheckMarkViewDemo.app/YKCheckMarkViewDemo";
			};
			name = Debug;
		};
		7152F9AA1DF6C46E003F79E2 /* Release */ = {
			isa = XCBuildConfiguration;
			buildSettings = {
				BUNDLE_LOADER = "$(TEST_HOST)";
				INFOPLIST_FILE = YKCheckMarkViewDemoTests/Info.plist;
				LD_RUNPATH_SEARCH_PATHS = "$(inherited) @executable_path/Frameworks @loader_path/Frameworks";
				PRODUCT_BUNDLE_IDENTIFIER = com.yinker.YKCheckMarkViewDemoTests;
				PRODUCT_NAME = "$(TARGET_NAME)";
				TEST_HOST = "$(BUILT_PRODUCTS_DIR)/YKCheckMarkViewDemo.app/YKCheckMarkViewDemo";
			};
			name = Release;
		};
		7152F9AC1DF6C46E003F79E2 /* Debug */ = {
			isa = XCBuildConfiguration;
			buildSettings = {
				INFOPLIST_FILE = YKCheckMarkViewDemoUITests/Info.plist;
				LD_RUNPATH_SEARCH_PATHS = "$(inherited) @executable_path/Frameworks @loader_path/Frameworks";
				PRODUCT_BUNDLE_IDENTIFIER = com.yinker.YKCheckMarkViewDemoUITests;
				PRODUCT_NAME = "$(TARGET_NAME)";
				TEST_TARGET_NAME = YKCheckMarkViewDemo;
			};
			name = Debug;
		};
		7152F9AD1DF6C46E003F79E2 /* Release */ = {
			isa = XCBuildConfiguration;
			buildSettings = {
				INFOPLIST_FILE = YKCheckMarkViewDemoUITests/Info.plist;
				LD_RUNPATH_SEARCH_PATHS = "$(inherited) @executable_path/Frameworks @loader_path/Frameworks";
				PRODUCT_BUNDLE_IDENTIFIER = com.yinker.YKCheckMarkViewDemoUITests;
				PRODUCT_NAME = "$(TARGET_NAME)";
				TEST_TARGET_NAME = YKCheckMarkViewDemo;
			};
			name = Release;
		};
/* End XCBuildConfiguration section */

/* Begin XCConfigurationList section */
		7152F9731DF6C46E003F79E2 /* Build configuration list for PBXProject "YKCheckMarkViewDemo" */ = {
			isa = XCConfigurationList;
			buildConfigurations = (
				7152F9A31DF6C46E003F79E2 /* Debug */,
				7152F9A41DF6C46E003F79E2 /* Release */,
			);
			defaultConfigurationIsVisible = 0;
			defaultConfigurationName = Release;
		};
		7152F9A51DF6C46E003F79E2 /* Build configuration list for PBXNativeTarget "YKCheckMarkViewDemo" */ = {
			isa = XCConfigurationList;
			buildConfigurations = (
				7152F9A61DF6C46E003F79E2 /* Debug */,
				7152F9A71DF6C46E003F79E2 /* Release */,
			);
			defaultConfigurationIsVisible = 0;
		};
		7152F9A81DF6C46E003F79E2 /* Build configuration list for PBXNativeTarget "YKCheckMarkViewDemoTests" */ = {
			isa = XCConfigurationList;
			buildConfigurations = (
				7152F9A91DF6C46E003F79E2 /* Debug */,
				7152F9AA1DF6C46E003F79E2 /* Release */,
			);
			defaultConfigurationIsVisible = 0;
		};
		7152F9AB1DF6C46E003F79E2 /* Build configuration list for PBXNativeTarget "YKCheckMarkViewDemoUITests" */ = {
			isa = XCConfigurationList;
			buildConfigurations = (
				7152F9AC1DF6C46E003F79E2 /* Debug */,
				7152F9AD1DF6C46E003F79E2 /* Release */,
			);
			defaultConfigurationIsVisible = 0;
		};
/* End XCConfigurationList section */
	};
	rootObject = 7152F9701DF6C46E003F79E2 /* Project object */;
}
